
Microsoft Visual Studio Solution File, Format Version 12.00
# Visual Studio Version 16
VisualStudioVersion = 16.0.29613.14
MinimumVisualStudioVersion = 10.0.40219.1
Project("{9A19103F-16F7-4668-BE54-9A1E7A4F7556}") = "CustomPolicyProvider", "CustomPolicyProvider.csproj", "{6E7CE4D6-CD70-4F44-A16E-D88685A1B7CD}"
EndProject
Global
	GlobalSection(SolutionConfigurationPlatforms) = preSolution
		Debug|Any CPU = Debug|Any CPU
		Release|Any CPU = Release|Any CPU
	EndGlobalSection
	GlobalSection(ProjectConfigurationPlatforms) = postSolution
		{6E7CE4D6-CD70-4F44-A16E-D88685A1B7CD}.Debug|Any CPU.ActiveCfg = Debug|Any CPU
		{6E7CE4D6-CD70-4F44-A16E-D88685A1B7CD}.Debug|Any CPU.Build.0 = Debug|Any CPU
		{6E7CE4D6-CD70-4F44-A16E-D88685A1B7CD}.Release|Any CPU.ActiveCfg = Release|Any CPU
		{6E7CE4D6-CD70-4F44-A16E-D88685A1B7CD}.Release|Any CPU.Build.0 = Release|Any CPU
	EndGlobalSection
	GlobalSection(SolutionProperties) = preSolution
		HideSolutionNode = FALSE
	EndGlobalSection
	GlobalSection(ExtensibilityGlobals) = postSolution
		SolutionGuid = {80135FAC-1F42-4F2D-9A84-ACA6D6AB6806}
	EndGlobalSection
EndGlobal
